
Microsoft Visual Studio Solution File, Format Version 12.00
# Visual Studio Version 17
VisualStudioVersion = 17.0.32002.185
MinimumVisualStudioVersion = 10.0.40219.1
Project("{9A19103F-16F7-4668-BE54-9A1E7A4F7556}") = "RadarLite.Database", "RadarLite.Database\RadarLite.Database.csproj", "{224EFE33-9AD2-4FCE-BC68-1844CE4A0EBF}"
EndProject
Project("{9A19103F-16F7-4668-BE54-9A1E7A4F7556}") = "RadarLite.Web", "RadarLite.Web\RadarLite.Web.csproj", "{1AD4516B-CF70-4B9D-BAEE-FA818271A95B}"
EndProject
Project("{9A19103F-16F7-4668-BE54-9A1E7A4F7556}") = "RadarLite.Logging", "RadarLite.Logging\RadarLite.Logging.csproj", "{50BC2AB7-443F-48BF-B60F-79AA216DE022}"
EndProject
Project("{9A19103F-16F7-4668-BE54-9A1E7A4F7556}") = "RadarLite.Constants", "RadarLite.Constants\RadarLite.Constants.csproj", "{F9414652-E2B4-4013-A4B0-3E5C3DA73BBD}"
EndProject
Project("{9A19103F-16F7-4668-BE54-9A1E7A4F7556}") = "RadarLite.Buisness", "RadarLite.Buisness\RadarLite.Buisness.csproj", "{8F408A5D-0E43-4311-B85B-F71E91B2C5FB}"
EndProject
Project("{2150E333-8FDC-42A3-9474-1A3956D46DE8}") = "APIs", "APIs", "{C64F6559-ACB8-41EA-800B-2B112EDC0A34}"
EndProject
Project("{2150E333-8FDC-42A3-9474-1A3956D46DE8}") = "Core", "Core", "{573E7F08-F060-4A87-8BF0-8B5383C38297}"
EndProject
Project("{2150E333-8FDC-42A3-9474-1A3956D46DE8}") = "Infrastructure", "Infrastructure", "{B0C03054-02B3-4A94-A35F-EE25E1AC4AC7}"
EndProject
Project("{9A19103F-16F7-4668-BE54-9A1E7A4F7556}") = "RadarLite.DomainExceptions", "RadarLite.DomainExceptions\RadarLite.DomainExceptions.csproj", "{BC8E08A3-27EB-4D6B-9993-8623CC2CE07E}"
EndProject
Project("{9A19103F-16F7-4668-BE54-9A1E7A4F7556}") = "RadarLite.Interfaces", "RadarLite.Interfaces\RadarLite.Interfaces.csproj", "{73342BE0-FED4-4295-A605-4BD6BF186467}"
EndProject
Project("{9A19103F-16F7-4668-BE54-9A1E7A4F7556}") = "RadarLite.Aggregates", "RadarLite.Aggregates\RadarLite.Aggregates.csproj", "{D8C519D9-7D0E-40CE-A3F6-C6E81D93B1A6}"
EndProject
Project("{2150E333-8FDC-42A3-9474-1A3956D46DE8}") = "Web", "Web", "{F8273E47-8176-46F5-9689-C63B7269454C}"
EndProject
Project("{2150E333-8FDC-42A3-9474-1A3956D46DE8}") = "Shared Kernel", "Shared Kernel", "{836106B0-9530-4CE7-A08C-81CC9D22951F}"
EndProject
Project("{2150E333-8FDC-42A3-9474-1A3956D46DE8}") = "Helpers", "Helpers", "{00A4AFFF-95B0-47F3-8A55-EA0B139870D5}"
EndProject
Project("{9A19103F-16F7-4668-BE54-9A1E7A4F7556}") = "RadarLite.NationalWeatherService", "RadarLite.NationalWeatherService\RadarLite.NationalWeatherService.csproj", "{38D33F7E-583C-4F8F-B26D-6757F0FD9296}"
EndProject
Project("{9A19103F-16F7-4668-BE54-9A1E7A4F7556}") = "RadarLite.Identity", "RadarLite.Identity\RadarLite.Identity.csproj", "{5F242C1E-0433-4FFF-8BFA-4AA430939810}"
EndProject
Project("{9A19103F-16F7-4668-BE54-9A1E7A4F7556}") = "RadarLite.Deploying", "RadarLite.Deploying\RadarLite.Deploying.csproj", "{E2CE4652-7566-4616-9C04-668F449200AD}"
EndProject
Project("{9A19103F-16F7-4668-BE54-9A1E7A4F7556}") = "RadarLite.SDK.NationalWeatherServiceClient", "RadarLite.SDK.NationalWeatherServiceClient\RadarLite.SDK.NationalWeatherServiceClient.csproj", "{F0EECE5A-926F-421A-A577-D3017B5F89DD}"
EndProject
Project("{9A19103F-16F7-4668-BE54-9A1E7A4F7556}") = "RadarLite.Extensions", "RadarLite.Extensions\RadarLite.Extensions.csproj", "{C991C7F0-7668-42B0-877E-18083AC061F7}"
EndProject
Project("{FAE04EC0-301F-11D3-BF4B-00C04F79EFBC}") = "RadarLite.Auth", "RadarLite.Auth\RadarLite.Auth.csproj", "{74DD0583-CF0A-43BE-A3B0-AE94F31B576C}"
EndProject
Global
	GlobalSection(SolutionConfigurationPlatforms) = preSolution
		Debug|Any CPU = Debug|Any CPU
		Release|Any CPU = Release|Any CPU
	EndGlobalSection
	GlobalSection(ProjectConfigurationPlatforms) = postSolution
		{224EFE33-9AD2-4FCE-BC68-1844CE4A0EBF}.Debug|Any CPU.ActiveCfg = Debug|Any CPU
		{224EFE33-9AD2-4FCE-BC68-1844CE4A0EBF}.Debug|Any CPU.Build.0 = Debug|Any CPU
		{224EFE33-9AD2-4FCE-BC68-1844CE4A0EBF}.Release|Any CPU.ActiveCfg = Release|Any CPU
		{224EFE33-9AD2-4FCE-BC68-1844CE4A0EBF}.Release|Any CPU.Build.0 = Release|Any CPU
		{1AD4516B-CF70-4B9D-BAEE-FA818271A95B}.Debug|Any CPU.ActiveCfg = Debug|Any CPU
		{1AD4516B-CF70-4B9D-BAEE-FA818271A95B}.Debug|Any CPU.Build.0 = Debug|Any CPU
		{1AD4516B-CF70-4B9D-BAEE-FA818271A95B}.Release|Any CPU.ActiveCfg = Release|Any CPU
		{1AD4516B-CF70-4B9D-BAEE-FA818271A95B}.Release|Any CPU.Build.0 = Release|Any CPU
		{50BC2AB7-443F-48BF-B60F-79AA216DE022}.Debug|Any CPU.ActiveCfg = Debug|Any CPU
		{50BC2AB7-443F-48BF-B60F-79AA216DE022}.Debug|Any CPU.Build.0 = Debug|Any CPU
		{50BC2AB7-443F-48BF-B60F-79AA216DE022}.Release|Any CPU.ActiveCfg = Release|Any CPU
		{50BC2AB7-443F-48BF-B60F-79AA216DE022}.Release|Any CPU.Build.0 = Release|Any CPU
		{F9414652-E2B4-4013-A4B0-3E5C3DA73BBD}.Debug|Any CPU.ActiveCfg = Debug|Any CPU
		{F9414652-E2B4-4013-A4B0-3E5C3DA73BBD}.Debug|Any CPU.Build.0 = Debug|Any CPU
		{F9414652-E2B4-4013-A4B0-3E5C3DA73BBD}.Release|Any CPU.ActiveCfg = Release|Any CPU
		{F9414652-E2B4-4013-A4B0-3E5C3DA73BBD}.Release|Any CPU.Build.0 = Release|Any CPU
		{8F408A5D-0E43-4311-B85B-F71E91B2C5FB}.Debug|Any CPU.ActiveCfg = Debug|Any CPU
		{8F408A5D-0E43-4311-B85B-F71E91B2C5FB}.Debug|Any CPU.Build.0 = Debug|Any CPU
		{8F408A5D-0E43-4311-B85B-F71E91B2C5FB}.Release|Any CPU.ActiveCfg = Release|Any CPU
		{8F408A5D-0E43-4311-B85B-F71E91B2C5FB}.Release|Any CPU.Build.0 = Release|Any CPU
		{BC8E08A3-27EB-4D6B-9993-8623CC2CE07E}.Debug|Any CPU.ActiveCfg = Debug|Any CPU
		{BC8E08A3-27EB-4D6B-9993-8623CC2CE07E}.Debug|Any CPU.Build.0 = Debug|Any CPU
		{BC8E08A3-27EB-4D6B-9993-8623CC2CE07E}.Release|Any CPU.ActiveCfg = Release|Any CPU
		{BC8E08A3-27EB-4D6B-9993-8623CC2CE07E}.Release|Any CPU.Build.0 = Release|Any CPU
		{73342BE0-FED4-4295-A605-4BD6BF186467}.Debug|Any CPU.ActiveCfg = Debug|Any CPU
		{73342BE0-FED4-4295-A605-4BD6BF186467}.Debug|Any CPU.Build.0 = Debug|Any CPU
		{73342BE0-FED4-4295-A605-4BD6BF186467}.Release|Any CPU.ActiveCfg = Release|Any CPU
		{73342BE0-FED4-4295-A605-4BD6BF186467}.Release|Any CPU.Build.0 = Release|Any CPU
		{D8C519D9-7D0E-40CE-A3F6-C6E81D93B1A6}.Debug|Any CPU.ActiveCfg = Debug|Any CPU
		{D8C519D9-7D0E-40CE-A3F6-C6E81D93B1A6}.Debug|Any CPU.Build.0 = Debug|Any CPU
		{D8C519D9-7D0E-40CE-A3F6-C6E81D93B1A6}.Release|Any CPU.ActiveCfg = Release|Any CPU
		{D8C519D9-7D0E-40CE-A3F6-C6E81D93B1A6}.Release|Any CPU.Build.0 = Release|Any CPU
		{38D33F7E-583C-4F8F-B26D-6757F0FD9296}.Debug|Any CPU.ActiveCfg = Debug|Any CPU
		{38D33F7E-583C-4F8F-B26D-6757F0FD9296}.Debug|Any CPU.Build.0 = Debug|Any CPU
		{38D33F7E-583C-4F8F-B26D-6757F0FD9296}.Release|Any CPU.ActiveCfg = Release|Any CPU
		{38D33F7E-583C-4F8F-B26D-6757F0FD9296}.Release|Any CPU.Build.0 = Release|Any CPU
		{5F242C1E-0433-4FFF-8BFA-4AA430939810}.Debug|Any CPU.ActiveCfg = Debug|Any CPU
		{5F242C1E-0433-4FFF-8BFA-4AA430939810}.Debug|Any CPU.Build.0 = Debug|Any CPU
		{5F242C1E-0433-4FFF-8BFA-4AA430939810}.Release|Any CPU.ActiveCfg = Release|Any CPU
		{5F242C1E-0433-4FFF-8BFA-4AA430939810}.Release|Any CPU.Build.0 = Release|Any CPU
		{E2CE4652-7566-4616-9C04-668F449200AD}.Debug|Any CPU.ActiveCfg = Debug|Any CPU
		{E2CE4652-7566-4616-9C04-668F449200AD}.Debug|Any CPU.Build.0 = Debug|Any CPU
		{E2CE4652-7566-4616-9C04-668F449200AD}.Release|Any CPU.ActiveCfg = Release|Any CPU
		{E2CE4652-7566-4616-9C04-668F449200AD}.Release|Any CPU.Build.0 = Release|Any CPU
		{F0EECE5A-926F-421A-A577-D3017B5F89DD}.Debug|Any CPU.ActiveCfg = Debug|Any CPU
		{F0EECE5A-926F-421A-A577-D3017B5F89DD}.Debug|Any CPU.Build.0 = Debug|Any CPU
		{F0EECE5A-926F-421A-A577-D3017B5F89DD}.Release|Any CPU.ActiveCfg = Release|Any CPU
		{F0EECE5A-926F-421A-A577-D3017B5F89DD}.Release|Any CPU.Build.0 = Release|Any CPU
		{C991C7F0-7668-42B0-877E-18083AC061F7}.Debug|Any CPU.ActiveCfg = Debug|Any CPU
		{C991C7F0-7668-42B0-877E-18083AC061F7}.Debug|Any CPU.Build.0 = Debug|Any CPU
		{C991C7F0-7668-42B0-877E-18083AC061F7}.Release|Any CPU.ActiveCfg = Release|Any CPU
		{C991C7F0-7668-42B0-877E-18083AC061F7}.Release|Any CPU.Build.0 = Release|Any CPU
		{74DD0583-CF0A-43BE-A3B0-AE94F31B576C}.Debug|Any CPU.ActiveCfg = Debug|Any CPU
		{74DD0583-CF0A-43BE-A3B0-AE94F31B576C}.Debug|Any CPU.Build.0 = Debug|Any CPU
		{74DD0583-CF0A-43BE-A3B0-AE94F31B576C}.Release|Any CPU.ActiveCfg = Release|Any CPU
		{74DD0583-CF0A-43BE-A3B0-AE94F31B576C}.Release|Any CPU.Build.0 = Release|Any CPU
	EndGlobalSection
	GlobalSection(SolutionProperties) = preSolution
		HideSolutionNode = FALSE
	EndGlobalSection
	GlobalSection(NestedProjects) = preSolution
		{224EFE33-9AD2-4FCE-BC68-1844CE4A0EBF} = {B0C03054-02B3-4A94-A35F-EE25E1AC4AC7}
		{1AD4516B-CF70-4B9D-BAEE-FA818271A95B} = {F8273E47-8176-46F5-9689-C63B7269454C}
		{50BC2AB7-443F-48BF-B60F-79AA216DE022} = {836106B0-9530-4CE7-A08C-81CC9D22951F}
		{F9414652-E2B4-4013-A4B0-3E5C3DA73BBD} = {836106B0-9530-4CE7-A08C-81CC9D22951F}
		{8F408A5D-0E43-4311-B85B-F71E91B2C5FB} = {573E7F08-F060-4A87-8BF0-8B5383C38297}
		{C64F6559-ACB8-41EA-800B-2B112EDC0A34} = {F8273E47-8176-46F5-9689-C63B7269454C}
		{BC8E08A3-27EB-4D6B-9993-8623CC2CE07E} = {573E7F08-F060-4A87-8BF0-8B5383C38297}
		{73342BE0-FED4-4295-A605-4BD6BF186467} = {573E7F08-F060-4A87-8BF0-8B5383C38297}
		{D8C519D9-7D0E-40CE-A3F6-C6E81D93B1A6} = {573E7F08-F060-4A87-8BF0-8B5383C38297}
		{38D33F7E-583C-4F8F-B26D-6757F0FD9296} = {C64F6559-ACB8-41EA-800B-2B112EDC0A34}
		{5F242C1E-0433-4FFF-8BFA-4AA430939810} = {B0C03054-02B3-4A94-A35F-EE25E1AC4AC7}
		{E2CE4652-7566-4616-9C04-668F449200AD} = {00A4AFFF-95B0-47F3-8A55-EA0B139870D5}
		{F0EECE5A-926F-421A-A577-D3017B5F89DD} = {00A4AFFF-95B0-47F3-8A55-EA0B139870D5}
		{C991C7F0-7668-42B0-877E-18083AC061F7} = {836106B0-9530-4CE7-A08C-81CC9D22951F}
		{74DD0583-CF0A-43BE-A3B0-AE94F31B576C} = {F8273E47-8176-46F5-9689-C63B7269454C}
	EndGlobalSection
	GlobalSection(ExtensibilityGlobals) = postSolution
		SolutionGuid = {5DF91245-E53A-4859-8E0F-F2287AB2B2A5}
	EndGlobalSection
EndGlobal
