
Microsoft Visual Studio Solution File, Format Version 12.00
# Visual Studio Version 17
VisualStudioVersion = 17.0.32002.185
MinimumVisualStudioVersion = 10.0.40219.1
Project("{FAE04EC0-301F-11D3-BF4B-00C04F79EFBC}") = "RadarLite.Web", "RadarLite.Web\RadarLite.Web.csproj", "{03FD0EDD-E690-4A73-9E85-D76187704422}"
EndProject
Project("{FAE04EC0-301F-11D3-BF4B-00C04F79EFBC}") = "RadarLite.Database", "RadarLite.Database\RadarLite.Database.csproj", "{224EFE33-9AD2-4FCE-BC68-1844CE4A0EBF}"
EndProject
Project("{FAE04EC0-301F-11D3-BF4B-00C04F79EFBC}") = "RadarLite.WebAPI", "RadarLite.WebAPI\RadarLite.WebAPI.csproj", "{3C5E39EB-AE22-438F-AEBE-413DAC2385C0}"
EndProject
Global
	GlobalSection(SolutionConfigurationPlatforms) = preSolution
		Debug|Any CPU = Debug|Any CPU
		Release|Any CPU = Release|Any CPU
	EndGlobalSection
	GlobalSection(ProjectConfigurationPlatforms) = postSolution
		{03FD0EDD-E690-4A73-9E85-D76187704422}.Debug|Any CPU.ActiveCfg = Debug|Any CPU
		{03FD0EDD-E690-4A73-9E85-D76187704422}.Debug|Any CPU.Build.0 = Debug|Any CPU
		{03FD0EDD-E690-4A73-9E85-D76187704422}.Release|Any CPU.ActiveCfg = Release|Any CPU
		{03FD0EDD-E690-4A73-9E85-D76187704422}.Release|Any CPU.Build.0 = Release|Any CPU
		{224EFE33-9AD2-4FCE-BC68-1844CE4A0EBF}.Debug|Any CPU.ActiveCfg = Debug|Any CPU
		{224EFE33-9AD2-4FCE-BC68-1844CE4A0EBF}.Debug|Any CPU.Build.0 = Debug|Any CPU
		{224EFE33-9AD2-4FCE-BC68-1844CE4A0EBF}.Release|Any CPU.ActiveCfg = Release|Any CPU
		{224EFE33-9AD2-4FCE-BC68-1844CE4A0EBF}.Release|Any CPU.Build.0 = Release|Any CPU
		{3C5E39EB-AE22-438F-AEBE-413DAC2385C0}.Debug|Any CPU.ActiveCfg = Debug|Any CPU
		{3C5E39EB-AE22-438F-AEBE-413DAC2385C0}.Debug|Any CPU.Build.0 = Debug|Any CPU
		{3C5E39EB-AE22-438F-AEBE-413DAC2385C0}.Release|Any CPU.ActiveCfg = Release|Any CPU
		{3C5E39EB-AE22-438F-AEBE-413DAC2385C0}.Release|Any CPU.Build.0 = Release|Any CPU
	EndGlobalSection
	GlobalSection(SolutionProperties) = preSolution
		HideSolutionNode = FALSE
	EndGlobalSection
	GlobalSection(ExtensibilityGlobals) = postSolution
		SolutionGuid = {5DF91245-E53A-4859-8E0F-F2287AB2B2A5}
	EndGlobalSection
EndGlobal
